
Microsoft Visual Studio Solution File, Format Version 12.00
# Visual Studio Version 17
VisualStudioVersion = 17.9.34902.65
MinimumVisualStudioVersion = 10.0.40219.1
Project("{2150E333-8FDC-42A3-9474-1A3956D46DE8}") = "src", "src", "{923CE3D3-E961-47CD-8E2D-6516D7F0A00A}"
EndProject
Project("{FAE04EC0-301F-11D3-BF4B-00C04F79EFBC}") = "Chanchamito.Core", "Chanchamito.Core\Chanchamito.Core.csproj", "{C644458A-C853-4DF5-9A0C-238BA7D2B1A3}"
EndProject
Project("{FAE04EC0-301F-11D3-BF4B-00C04F79EFBC}") = "Chanchamito.Application", "Chanchamito.Application\Chanchamito.Application.csproj", "{4BF7DADB-87A3-4195-AED8-F9E6753856F2}"
EndProject
Project("{FAE04EC0-301F-11D3-BF4B-00C04F79EFBC}") = "Chanchamito.Infrastructure", "Chanchamito.Infrastructure\Chanchamito.Infrastructure.csproj", "{7507C6AF-04E2-4977-83F8-318AA11D4D34}"
EndProject
Project("{FAE04EC0-301F-11D3-BF4B-00C04F79EFBC}") = "Chanchamito.API", "Chanchamito.API\Chanchamito.API.csproj", "{65AE843C-CB39-4BF3-A382-4D33AB2B5A59}"
EndProject
Global
	GlobalSection(SolutionConfigurationPlatforms) = preSolution
		Debug|Any CPU = Debug|Any CPU
		Release|Any CPU = Release|Any CPU
	EndGlobalSection
	GlobalSection(ProjectConfigurationPlatforms) = postSolution
		{C644458A-C853-4DF5-9A0C-238BA7D2B1A3}.Debug|Any CPU.ActiveCfg = Debug|Any CPU
		{C644458A-C853-4DF5-9A0C-238BA7D2B1A3}.Debug|Any CPU.Build.0 = Debug|Any CPU
		{C644458A-C853-4DF5-9A0C-238BA7D2B1A3}.Release|Any CPU.ActiveCfg = Release|Any CPU
		{C644458A-C853-4DF5-9A0C-238BA7D2B1A3}.Release|Any CPU.Build.0 = Release|Any CPU
		{4BF7DADB-87A3-4195-AED8-F9E6753856F2}.Debug|Any CPU.ActiveCfg = Debug|Any CPU
		{4BF7DADB-87A3-4195-AED8-F9E6753856F2}.Debug|Any CPU.Build.0 = Debug|Any CPU
		{4BF7DADB-87A3-4195-AED8-F9E6753856F2}.Release|Any CPU.ActiveCfg = Release|Any CPU
		{4BF7DADB-87A3-4195-AED8-F9E6753856F2}.Release|Any CPU.Build.0 = Release|Any CPU
		{7507C6AF-04E2-4977-83F8-318AA11D4D34}.Debug|Any CPU.ActiveCfg = Debug|Any CPU
		{7507C6AF-04E2-4977-83F8-318AA11D4D34}.Debug|Any CPU.Build.0 = Debug|Any CPU
		{7507C6AF-04E2-4977-83F8-318AA11D4D34}.Release|Any CPU.ActiveCfg = Release|Any CPU
		{7507C6AF-04E2-4977-83F8-318AA11D4D34}.Release|Any CPU.Build.0 = Release|Any CPU
		{65AE843C-CB39-4BF3-A382-4D33AB2B5A59}.Debug|Any CPU.ActiveCfg = Debug|Any CPU
		{65AE843C-CB39-4BF3-A382-4D33AB2B5A59}.Debug|Any CPU.Build.0 = Debug|Any CPU
		{65AE843C-CB39-4BF3-A382-4D33AB2B5A59}.Release|Any CPU.ActiveCfg = Release|Any CPU
		{65AE843C-CB39-4BF3-A382-4D33AB2B5A59}.Release|Any CPU.Build.0 = Release|Any CPU
	EndGlobalSection
	GlobalSection(SolutionProperties) = preSolution
		HideSolutionNode = FALSE
	EndGlobalSection
	GlobalSection(NestedProjects) = preSolution
		{C644458A-C853-4DF5-9A0C-238BA7D2B1A3} = {923CE3D3-E961-47CD-8E2D-6516D7F0A00A}
		{4BF7DADB-87A3-4195-AED8-F9E6753856F2} = {923CE3D3-E961-47CD-8E2D-6516D7F0A00A}
		{7507C6AF-04E2-4977-83F8-318AA11D4D34} = {923CE3D3-E961-47CD-8E2D-6516D7F0A00A}
		{65AE843C-CB39-4BF3-A382-4D33AB2B5A59} = {923CE3D3-E961-47CD-8E2D-6516D7F0A00A}
	EndGlobalSection
	GlobalSection(ExtensibilityGlobals) = postSolution
		SolutionGuid = {B13AAD74-67BC-45B1-874A-98236F0164CC}
	EndGlobalSection
EndGlobal
